
Microsoft Visual Studio Solution File, Format Version 12.00
# Visual Studio Version 16
VisualStudioVersion = 16.0.31605.320
MinimumVisualStudioVersion = 10.0.40219.1
Project("{FAE04EC0-301F-11D3-BF4B-00C04F79EFBC}") = "ConsoleApp1", "ConsoleApp1\ConsoleApp1.csproj", "{FFCED25F-A16C-4230-B21D-63B162FDBBAE}"
EndProject
Global
	GlobalSection(SolutionConfigurationPlatforms) = preSolution
		Debug|Any CPU = Debug|Any CPU
		Release|Any CPU = Release|Any CPU
	EndGlobalSection
	GlobalSection(ProjectConfigurationPlatforms) = postSolution
		{FFCED25F-A16C-4230-B21D-63B162FDBBAE}.Debug|Any CPU.ActiveCfg = Debug|Any CPU
		{FFCED25F-A16C-4230-B21D-63B162FDBBAE}.Debug|Any CPU.Build.0 = Debug|Any CPU
		{FFCED25F-A16C-4230-B21D-63B162FDBBAE}.Release|Any CPU.ActiveCfg = Release|Any CPU
		{FFCED25F-A16C-4230-B21D-63B162FDBBAE}.Release|Any CPU.Build.0 = Release|Any CPU
	EndGlobalSection
	GlobalSection(SolutionProperties) = preSolution
		HideSolutionNode = FALSE
	EndGlobalSection
	GlobalSection(ExtensibilityGlobals) = postSolution
		SolutionGuid = {21293625-DDF7-454F-AA06-DCDFB7FB1B75}
	EndGlobalSection
EndGlobal
